
Microsoft Visual Studio Solution File, Format Version 12.00
# Visual Studio 15
VisualStudioVersion = 15.0.28307.902
MinimumVisualStudioVersion = 10.0.40219.1
Project("{FAE04EC0-301F-11D3-BF4B-00C04F79EFBC}") = "PhoenixPointDemoMod", "PhoenixPointDemoMod\PhoenixPointDemoMod.csproj", "{B25C4993-AE34-4371-84A3-91E6D4970A7D}"
EndProject
Global
	GlobalSection(SolutionConfigurationPlatforms) = preSolution
		Debug|Any CPU = Debug|Any CPU
		Release|Any CPU = Release|Any CPU
	EndGlobalSection
	GlobalSection(ProjectConfigurationPlatforms) = postSolution
		{B25C4993-AE34-4371-84A3-91E6D4970A7D}.Debug|Any CPU.ActiveCfg = Debug|Any CPU
		{B25C4993-AE34-4371-84A3-91E6D4970A7D}.Debug|Any CPU.Build.0 = Debug|Any CPU
		{B25C4993-AE34-4371-84A3-91E6D4970A7D}.Release|Any CPU.ActiveCfg = Release|Any CPU
		{B25C4993-AE34-4371-84A3-91E6D4970A7D}.Release|Any CPU.Build.0 = Release|Any CPU
	EndGlobalSection
	GlobalSection(SolutionProperties) = preSolution
		HideSolutionNode = FALSE
	EndGlobalSection
	GlobalSection(ExtensibilityGlobals) = postSolution
		SolutionGuid = {64D3192B-5F8D-4973-9344-327326E3A2AD}
	EndGlobalSection
EndGlobal
